<?xml version="1.0" encoding="utf-8"?>
<Project ToolsVersion="4.0" xmlns="http://schemas.microsoft.com/developer/msbuild/2003">
  <ItemGroup>
    <Filter Include="Header Files">
      <UniqueIdentifier>{93995380-89BD-4b04-88EB-625FBE52EBFB}</UniqueIdentifier>
      <Extensions>h;hpp;hxx;hm;inl;inc;xsd</Extensions>
    </Filter>
    <Filter Include="Resources">
      <UniqueIdentifier>{fe8fc715-cfa4-457e-9907-327aeaadc47b}</UniqueIdentifier>
    </Filter>
    <Filter Include="Source Files">
      <UniqueIdentifier>{67DA6AB6-F800-4c08-8B7A-83BB121AAD01}</UniqueIdentifier>
      <Extensions>rc;ico;cur;bmp;dlg;rc2;rct;bin;rgs;gif;jpg;jpeg;jpe;resx;tiff;tif;png;wav;mfcribbon-ms</Extensions>
    </Filter>
  </ItemGroup>
  <ItemGroup>
    <ClCompile Include="..\..\intern\server_main.c">
      <Filter>Source Files</Filter>
    </ClCompile>
    <ClCompile Include="..\..\intern\poolalloc.c">
      <Filter>Source Files</Filter>
    </ClCompile>
    <ClCompile Include="..\..\intern\memalloc.c">
      <Filter>Source Files</Filter>
    </ClCompile>
    <ClCompile Include="..\..\intern\hashtable.c">
      <Filter>Source Files</Filter>
    </ClCompile>
    <ClCompile Include="..\..\intern\utils.c">
      <Filter>Source Files</Filter>
    </ClCompile>
    <ClCompile Include="..\..\intern\strutils.c">
      <Filter>Source Files</Filter>
    </ClCompile>
    <ClCompile Include="..\..\intern\requestlib.c">
      <Filter>Source Files</Filter>
    </ClCompile>
    <ClCompile Include="..\..\intern\site.c">
      <Filter>Source Files</Filter>
    </ClCompile>
    <ClCompile Include="..\..\build\pages.c">
      <Filter>Source Files</Filter>
    </ClCompile>
    <ClCompile Include="..\..\intern\thread.c">
      <Filter>Source Files</Filter>
    </ClCompile>
    <ClCompile Include="..\..\intern\fileutils.c">
      <Filter>Source Files</Filter>
    </ClCompile>
    <ClCompile Include="..\..\intern\boilerplate.c">
      <Filter>Source Files</Filter>
    </ClCompile>
  </ItemGroup>
  <ItemGroup>
    <ClInclude Include="..\..\intern\sock.h">
      <Filter>Header Files</Filter>
    </ClInclude>
    <ClInclude Include="..\..\intern\boilerplate.h">
      <Filter>Header Files</Filter>
    </ClInclude>
    <ClInclude Include="..\..\intern\hashtable.h">
      <Filter>Header Files</Filter>
    </ClInclude>
    <ClInclude Include="..\..\intern\memalloc.h">
      <Filter>Header Files</Filter>
    </ClInclude>
    <ClInclude Include="..\..\intern\poolalloc.h">
      <Filter>Header Files</Filter>
    </ClInclude>
    <ClInclude Include="..\..\intern\utils.h">
      <Filter>Header Files</Filter>
    </ClInclude>
    <ClInclude Include="..\..\intern\strutils.h">
      <Filter>Header Files</Filter>
    </ClInclude>
    <ClInclude Include="..\..\intern\requestlib.h">
      <Filter>Header Files</Filter>
    </ClInclude>
    <ClInclude Include="..\..\intern\site_boilerplate.h">
      <Filter>Header Files</Filter>
    </ClInclude>
    <ClInclude Include="..\..\intern\thread.h">
      <Filter>Header Files</Filter>
    </ClInclude>
    <ClInclude Include="..\..\intern\fileutils.h">
      <Filter>Header Files</Filter>
    </ClInclude>
    <ClInclude Include="..\..\intern\types.h">
      <Filter>Header Files</Filter>
    </ClInclude>
    <ClInclude Include="..\..\site_config.h">
      <Filter>Header Files</Filter>
    </ClInclude>
  </ItemGroup>
  <ItemGroup>
    <None Include="..\..\build_local.py">
      <Filter>Resources</Filter>
    </None>
    <None Include="..\..\cs_sources.py">
      <Filter>Resources</Filter>
    </None>
    <None Include="..\..\site\getpage.ccs">
      <Filter>Resources</Filter>
    </None>
    <None Include="..\..\site\admin\editor.ccs">
      <Filter>Resources</Filter>
    </None>
    <None Include="..\..\site\admin\editor_api.ccs">
      <Filter>Resources</Filter>
    </None>
    <None Include="..\..\site\index.ccs">
      <Filter>Resources</Filter>
    </None>
    <None Include="..\..\site\footer.ccs">
      <Filter>Resources</Filter>
    </None>
    <None Include="..\..\site\header.ccs">
      <Filter>Resources</Filter>
    </None>
    <None Include="..\..\cs_build.py">
      <Filter>Resources</Filter>
    </None>
    <None Include="..\..\site\admin\admin.ccs">
      <Filter>Resources</Filter>
    </None>
    <None Include="..\..\site\admin\main.ccs">
      <Filter>Resources</Filter>
    </None>
    <None Include="..\..\site\admin\pages.ccs">
      <Filter>Resources</Filter>
    </None>
  </ItemGroup>
</Project>